<?xml version="1.0" encoding="utf-8"?>
<Project ToolsVersion="15.0" xmlns="http://schemas.microsoft.com/developer/msbuild/2003">
  <ItemGroup>
    <Filter Include="include">
      <UniqueIdentifier>{89AF369E-F58E-B539-FEA6-40106A051C9B}</UniqueIdentifier>
    </Filter>
    <Filter Include="include\accord">
      <UniqueIdentifier>{71A0A0C8-5D6E-94CE-4602-05F5326F7033}</UniqueIdentifier>
    </Filter>
    <Filter Include="src">
      <UniqueIdentifier>{2DAB880B-99B4-887C-2230-9F7C8E38947C}</UniqueIdentifier>
    </Filter>
    <Filter Include="src\example">
      <UniqueIdentifier>{95054A12-01BB-C207-8AAF-BCDEF663B90B}</UniqueIdentifier>
    </Filter>
  </ItemGroup>
  <ItemGroup>
    <ClInclude Include="..\include\accord\accord.h">
      <Filter>include\accord</Filter>
    </ClInclude>
    <ClInclude Include="..\include\accord\actor.h">
      <Filter>include\accord</Filter>
    </ClInclude>
    <ClInclude Include="..\include\accord\camera.h">
      <Filter>include\accord</Filter>
    </ClInclude>
    <ClInclude Include="..\include\accord\context.h">
      <Filter>include\accord</Filter>
    </ClInclude>
    <ClInclude Include="..\include\accord\context_instance.h">
      <Filter>include\accord</Filter>
    </ClInclude>
    <ClInclude Include="..\include\accord\editor.h">
      <Filter>include\accord</Filter>
    </ClInclude>
    <ClInclude Include="..\include\accord\gl_helper.h">
      <Filter>include\accord</Filter>
    </ClInclude>
    <ClInclude Include="..\include\accord\hierarchy.h">
      <Filter>include\accord</Filter>
    </ClInclude>
    <ClInclude Include="..\include\accord\input.h">
      <Filter>include\accord</Filter>
    </ClInclude>
    <ClInclude Include="..\include\accord\material.h">
      <Filter>include\accord</Filter>
    </ClInclude>
    <ClInclude Include="..\include\accord\voxelizer.h">
      <Filter>include\accord</Filter>
    </ClInclude>
  </ItemGroup>
  <ItemGroup>
    <ClCompile Include="..\src\example\main.cc">
      <Filter>src\example</Filter>
    </ClCompile>
  </ItemGroup>
</Project>
